
Microsoft Visual Studio Solution File, Format Version 12.00
# Visual Studio 15
VisualStudioVersion = 15.0.26430.6
MinimumVisualStudioVersion = 10.0.40219.1
Project("{9A19103F-16F7-4668-BE54-9A1E7A4F7556}") = "SampleBackend", "SampleBackend\SampleBackend.csproj", "{5A4910D6-D27A-4A08-BB8B-CC1CB37D3237}"
EndProject
Project("{9A19103F-16F7-4668-BE54-9A1E7A4F7556}") = "SampleBackend.Integration", "SampleBackend.Integration\SampleBackend.Integration.csproj", "{27651889-7183-4ECC-B5B2-5AF466635F51}"
EndProject
Project("{FAE04EC0-301F-11D3-BF4B-00C04F79EFBC}") = "SampleBackend.Test", "SampleBackend.Test\SampleBackend.Test.csproj", "{F1A3286C-DE98-428C-8AAB-BDF9F3808C6C}"
EndProject
Global
	GlobalSection(SolutionConfigurationPlatforms) = preSolution
		Debug|Any CPU = Debug|Any CPU
		Release|Any CPU = Release|Any CPU
	EndGlobalSection
	GlobalSection(ProjectConfigurationPlatforms) = postSolution
		{5A4910D6-D27A-4A08-BB8B-CC1CB37D3237}.Debug|Any CPU.ActiveCfg = Debug|Any CPU
		{5A4910D6-D27A-4A08-BB8B-CC1CB37D3237}.Debug|Any CPU.Build.0 = Debug|Any CPU
		{5A4910D6-D27A-4A08-BB8B-CC1CB37D3237}.Release|Any CPU.ActiveCfg = Release|Any CPU
		{5A4910D6-D27A-4A08-BB8B-CC1CB37D3237}.Release|Any CPU.Build.0 = Release|Any CPU
		{27651889-7183-4ECC-B5B2-5AF466635F51}.Debug|Any CPU.ActiveCfg = Debug|Any CPU
		{27651889-7183-4ECC-B5B2-5AF466635F51}.Debug|Any CPU.Build.0 = Debug|Any CPU
		{27651889-7183-4ECC-B5B2-5AF466635F51}.Release|Any CPU.ActiveCfg = Release|Any CPU
		{27651889-7183-4ECC-B5B2-5AF466635F51}.Release|Any CPU.Build.0 = Release|Any CPU
		{F1A3286C-DE98-428C-8AAB-BDF9F3808C6C}.Debug|Any CPU.ActiveCfg = Debug|Any CPU
		{F1A3286C-DE98-428C-8AAB-BDF9F3808C6C}.Debug|Any CPU.Build.0 = Debug|Any CPU
		{F1A3286C-DE98-428C-8AAB-BDF9F3808C6C}.Release|Any CPU.ActiveCfg = Release|Any CPU
		{F1A3286C-DE98-428C-8AAB-BDF9F3808C6C}.Release|Any CPU.Build.0 = Release|Any CPU
	EndGlobalSection
	GlobalSection(SolutionProperties) = preSolution
		HideSolutionNode = FALSE
	EndGlobalSection
EndGlobal
